PODS:
  - Alamofire (4.9.0)
  - Bagel (1.3.2):
    - CocoaAsyncSocket
  - CocoaAsyncSocket (7.6.3)
  - Moya (13.0.1):
    - Moya/Core (= 13.0.1)
  - Moya/Core (13.0.1):
    - Alamofire (~> 4.1)
    - Result (~> 4.1)
  - Moya/ReactiveSwift (13.0.1):
    - Moya/Core
    - ReactiveSwift (~> 5.0)
  - PINCache (3.0.1-beta.6):
    - PINCache/Arc-exception-safe (= 3.0.1-beta.6)
    - PINCache/Core (= 3.0.1-beta.6)
  - PINCache/Arc-exception-safe (3.0.1-beta.6):
    - PINCache/Core
  - PINCache/Core (3.0.1-beta.6):
    - PINOperation (~> 1.1.0)
  - PINOperation (1.1.2)
  - PINRemoteImage/Core (3.0.0-beta.13):
    - PINOperation
  - PINRemoteImage/iOS (3.0.0-beta.13):
    - PINRemoteImage/Core
  - PINRemoteImage/PINCache (3.0.0-beta.13):
    - PINCache (= 3.0.1-beta.6)
    - PINRemoteImage/Core
  - Predicate (0.1.0):
    - Sourcery
  - R.swift (5.0.3):
    - R.swift.Library (~> 5.0.0)
  - R.swift.Library (5.0.1)
  - ReactiveCocoa (9.0.0):
    - ReactiveSwift (~> 5.0)
  - ReactiveSwift (5.0.1):
    - Result (~> 4.1)
  - Result (4.1.0)
  - Sourcery (0.17.0)
  - SwiftDate (6.1.0)
  - SwiftLint (0.35.0)
  - Texture (2.8.1):
    - Texture/AssetsLibrary (= 2.8.1)
    - Texture/Core (= 2.8.1)
    - Texture/MapKit (= 2.8.1)
    - Texture/Photos (= 2.8.1)
    - Texture/PINRemoteImage (= 2.8.1)
    - Texture/Video (= 2.8.1)
  - Texture/AssetsLibrary (2.8.1):
    - Texture/Core
  - Texture/Core (2.8.1)
  - Texture/MapKit (2.8.1):
    - Texture/Core
  - Texture/Photos (2.8.1):
    - Texture/Core
  - Texture/PINRemoteImage (2.8.1):
    - PINRemoteImage/iOS (= 3.0.0-beta.13)
    - PINRemoteImage/PINCache
    - Texture/Core
  - Texture/Video (2.8.1):
    - Texture/Core

DEPENDENCIES:
  - Bagel (~> 1.3.2)
  - Moya (~> 13.0)
  - Moya/ReactiveSwift (~> 13.0)
  - Predicate (from `./Predicate`)
  - R.swift (~> 5.0.3)
  - ReactiveCocoa (~> 9.0)
  - ReactiveSwift (~> 5.0)
  - Sourcery
  - SwiftDate (~> 6.1.0)
  - SwiftLint
  - Texture

SPEC REPOS:
  trunk:
    - Alamofire
    - Bagel
    - CocoaAsyncSocket
    - Moya
    - PINCache
    - PINOperation
    - PINRemoteImage
    - R.swift
    - R.swift.Library
    - ReactiveCocoa
    - ReactiveSwift
    - Result
    - Sourcery
    - SwiftDate
    - SwiftLint
    - Texture

EXTERNAL SOURCES:
  Predicate:
    :path: "./Predicate"

SPEC CHECKSUMS:
  Alamofire: afc3e7c6db61476cb45cdd23fed06bad03bbc321
  Bagel: 199e0105ac694d6eee9db54dd006c940da6ce81b
  CocoaAsyncSocket: eafaa68a7e0ec99ead0a7b35015e0bf25d2c8987
  Moya: f4a4b80ff2f8a4ffc208dfb31cd91636622fee6e
  PINCache: d195fdba255283f7e9900a55e3cced377f431f9b
  PINOperation: 24b774353ca248fcf87d67b2d61eef42087c125a
  PINRemoteImage: d6d51c5d2adda55f1ce30c96e850b6c4ebd2856a
  Predicate: 70b3cf124f7061f636bceba7f72bca88ea028217
  R.swift: f5a87643b91ea569d23d6afb3eee9c743edde239
  R.swift.Library: cfe85d569d9bae6cb262922db130e7c3a7a5fad1
  ReactiveCocoa: 29709cf0cc7502ddd04a51220e10ee0336d8bec8
  ReactiveSwift: cac20a5bbe560c5806bd29c0fccf90d03b996ac1
  Result: bd966fac789cc6c1563440b348ab2598cc24d5c7
  Sourcery: 3ed61be7c8a1218fce349266139379dba477efe0
  SwiftDate: fa2bb3962056bb44047b4b85a30044e5eae30b03
  SwiftLint: 5553187048b900c91aa03552807681bb6b027846
  Texture: 8ecf6984065a1e54f06bf97b349ecca28582acd7

PODFILE CHECKSUM: 8f82d7bd8f8bb674edc9ff15d8d9436bb6a878c1

COCOAPODS: 1.8.4
